
Microsoft Visual Studio Solution File, Format Version 12.00
# Visual Studio Version 17
VisualStudioVersion = 17.0.31903.59
MinimumVisualStudioVersion = 10.0.40219.1
Project("{2150E333-8FDC-42A3-9474-1A3956D46DE8}") = "src", "src", "{DF45E59A-6ACF-4F4C-A190-358736EE7278}"
EndProject
Project("{FAE04EC0-301F-11D3-BF4B-00C04F79EFBC}") = "Navi.ToolsAssets.Domain", "src\Navi.ToolsAssets.Domain\Navi.ToolsAssets.Domain.csproj", "{EE2AF1C2-D176-417A-88DD-88C96D69E548}"
EndProject
Project("{FAE04EC0-301F-11D3-BF4B-00C04F79EFBC}") = "Navi.ToolsAssets.Application", "src\Navi.ToolsAssets.Application\Navi.ToolsAssets.Application.csproj", "{FB3FF254-E6B1-48CA-A2C4-80DD28BF9094}"
EndProject
Project("{FAE04EC0-301F-11D3-BF4B-00C04F79EFBC}") = "Navi.ToolsAssets.Infrastructure", "src\Navi.ToolsAssets.Infrastructure\Navi.ToolsAssets.Infrastructure.csproj", "{F2352572-1DC5-4333-ADB0-1304E844704C}"
EndProject
Project("{FAE04EC0-301F-11D3-BF4B-00C04F79EFBC}") = "Navi.ToolsAssets.Shared", "src\Navi.ToolsAssets.Shared\Navi.ToolsAssets.Shared.csproj", "{8280D46B-9F38-486D-A1CA-A828ADC1A6AE}"
EndProject
Project("{FAE04EC0-301F-11D3-BF4B-00C04F79EFBC}") = "Navi.ToolsAssets.Api", "src\Navi.ToolsAssets.Api\Navi.ToolsAssets.Api.csproj", "{19F34217-4795-4E31-A234-E03662D214BD}"
EndProject
Project("{FAE04EC0-301F-11D3-BF4B-00C04F79EFBC}") = "Navi.ToolsAssets.Admin", "src\Navi.ToolsAssets.Admin\Navi.ToolsAssets.Admin.csproj", "{6724F9DD-6372-47DE-9C89-DFDC3B55B0F2}"
EndProject
Project("{FAE04EC0-301F-11D3-BF4B-00C04F79EFBC}") = "Navi.ToolsAssets.MobilePwa", "src\Navi.ToolsAssets.MobilePwa\Navi.ToolsAssets.MobilePwa.csproj", "{45FB5FB0-88EC-433A-85B5-90E55E1610E7}"
EndProject
Project("{FAE04EC0-301F-11D3-BF4B-00C04F79EFBC}") = "Navi.ToolsAssets.Worker", "src\Navi.ToolsAssets.Worker\Navi.ToolsAssets.Worker.csproj", "{CDB86784-E9CF-472B-99F4-761FC1EB94DC}"
EndProject
Global
	GlobalSection(SolutionConfigurationPlatforms) = preSolution
		Debug|Any CPU = Debug|Any CPU
		Release|Any CPU = Release|Any CPU
	EndGlobalSection
	GlobalSection(SolutionProperties) = preSolution
		HideSolutionNode = FALSE
	EndGlobalSection
	GlobalSection(ProjectConfigurationPlatforms) = postSolution
		{EE2AF1C2-D176-417A-88DD-88C96D69E548}.Debug|Any CPU.ActiveCfg = Debug|Any CPU
		{EE2AF1C2-D176-417A-88DD-88C96D69E548}.Debug|Any CPU.Build.0 = Debug|Any CPU
		{EE2AF1C2-D176-417A-88DD-88C96D69E548}.Release|Any CPU.ActiveCfg = Release|Any CPU
		{EE2AF1C2-D176-417A-88DD-88C96D69E548}.Release|Any CPU.Build.0 = Release|Any CPU
		{FB3FF254-E6B1-48CA-A2C4-80DD28BF9094}.Debug|Any CPU.ActiveCfg = Debug|Any CPU
		{FB3FF254-E6B1-48CA-A2C4-80DD28BF9094}.Debug|Any CPU.Build.0 = Debug|Any CPU
		{FB3FF254-E6B1-48CA-A2C4-80DD28BF9094}.Release|Any CPU.ActiveCfg = Release|Any CPU
		{FB3FF254-E6B1-48CA-A2C4-80DD28BF9094}.Release|Any CPU.Build.0 = Release|Any CPU
		{F2352572-1DC5-4333-ADB0-1304E844704C}.Debug|Any CPU.ActiveCfg = Debug|Any CPU
		{F2352572-1DC5-4333-ADB0-1304E844704C}.Debug|Any CPU.Build.0 = Debug|Any CPU
		{F2352572-1DC5-4333-ADB0-1304E844704C}.Release|Any CPU.ActiveCfg = Release|Any CPU
		{F2352572-1DC5-4333-ADB0-1304E844704C}.Release|Any CPU.Build.0 = Release|Any CPU
		{8280D46B-9F38-486D-A1CA-A828ADC1A6AE}.Debug|Any CPU.ActiveCfg = Debug|Any CPU
		{8280D46B-9F38-486D-A1CA-A828ADC1A6AE}.Debug|Any CPU.Build.0 = Debug|Any CPU
		{8280D46B-9F38-486D-A1CA-A828ADC1A6AE}.Release|Any CPU.ActiveCfg = Release|Any CPU
		{8280D46B-9F38-486D-A1CA-A828ADC1A6AE}.Release|Any CPU.Build.0 = Release|Any CPU
		{19F34217-4795-4E31-A234-E03662D214BD}.Debug|Any CPU.ActiveCfg = Debug|Any CPU
		{19F34217-4795-4E31-A234-E03662D214BD}.Debug|Any CPU.Build.0 = Debug|Any CPU
		{19F34217-4795-4E31-A234-E03662D214BD}.Release|Any CPU.ActiveCfg = Release|Any CPU
		{19F34217-4795-4E31-A234-E03662D214BD}.Release|Any CPU.Build.0 = Release|Any CPU
		{6724F9DD-6372-47DE-9C89-DFDC3B55B0F2}.Debug|Any CPU.ActiveCfg = Debug|Any CPU
		{6724F9DD-6372-47DE-9C89-DFDC3B55B0F2}.Debug|Any CPU.Build.0 = Debug|Any CPU
		{6724F9DD-6372-47DE-9C89-DFDC3B55B0F2}.Release|Any CPU.ActiveCfg = Release|Any CPU
		{6724F9DD-6372-47DE-9C89-DFDC3B55B0F2}.Release|Any CPU.Build.0 = Release|Any CPU
		{45FB5FB0-88EC-433A-85B5-90E55E1610E7}.Debug|Any CPU.ActiveCfg = Debug|Any CPU
		{45FB5FB0-88EC-433A-85B5-90E55E1610E7}.Debug|Any CPU.Build.0 = Debug|Any CPU
		{45FB5FB0-88EC-433A-85B5-90E55E1610E7}.Release|Any CPU.ActiveCfg = Release|Any CPU
		{45FB5FB0-88EC-433A-85B5-90E55E1610E7}.Release|Any CPU.Build.0 = Release|Any CPU
		{CDB86784-E9CF-472B-99F4-761FC1EB94DC}.Debug|Any CPU.ActiveCfg = Debug|Any CPU
		{CDB86784-E9CF-472B-99F4-761FC1EB94DC}.Debug|Any CPU.Build.0 = Debug|Any CPU
		{CDB86784-E9CF-472B-99F4-761FC1EB94DC}.Release|Any CPU.ActiveCfg = Release|Any CPU
		{CDB86784-E9CF-472B-99F4-761FC1EB94DC}.Release|Any CPU.Build.0 = Release|Any CPU
	EndGlobalSection
	GlobalSection(NestedProjects) = preSolution
		{EE2AF1C2-D176-417A-88DD-88C96D69E548} = {DF45E59A-6ACF-4F4C-A190-358736EE7278}
		{FB3FF254-E6B1-48CA-A2C4-80DD28BF9094} = {DF45E59A-6ACF-4F4C-A190-358736EE7278}
		{F2352572-1DC5-4333-ADB0-1304E844704C} = {DF45E59A-6ACF-4F4C-A190-358736EE7278}
		{8280D46B-9F38-486D-A1CA-A828ADC1A6AE} = {DF45E59A-6ACF-4F4C-A190-358736EE7278}
		{19F34217-4795-4E31-A234-E03662D214BD} = {DF45E59A-6ACF-4F4C-A190-358736EE7278}
		{6724F9DD-6372-47DE-9C89-DFDC3B55B0F2} = {DF45E59A-6ACF-4F4C-A190-358736EE7278}
		{45FB5FB0-88EC-433A-85B5-90E55E1610E7} = {DF45E59A-6ACF-4F4C-A190-358736EE7278}
		{CDB86784-E9CF-472B-99F4-761FC1EB94DC} = {DF45E59A-6ACF-4F4C-A190-358736EE7278}
	EndGlobalSection
EndGlobal
